// !$*UTF8*$!
{
	archiveVersion = 1;
	classes = {
	};
	objectVersion = 51;
	objects = {

/* Begin PBXBuildFile section */
		B4B60AB225EEA0600041046A /* AppDelegate.swift in Sources */ = {isa = PBXBuildFile; fileRef = B4B60AB125EEA0600041046A /* AppDelegate.swift */; };
		B4B60AB425EEA0600041046A /* SceneDelegate.swift in Sources */ = {isa = PBXBuildFile; fileRef = B4B60AB325EEA0600041046A /* SceneDelegate.swift */; };
		B4B60AB925EEA0600041046A /* Main.storyboard in Resources */ = {isa = PBXBuildFile; fileRef = B4B60AB725EEA0600041046A /* Main.storyboard */; };
		B4B60ABB25EEA0670041046A /* Assets.xcassets in Resources */ = {isa = PBXBuildFile; fileRef = B4B60ABA25EEA0670041046A /* Assets.xcassets */; };
		B4B60AD025EEA1C20041046A /* Persistance.swift in Sources */ = {isa = PBXBuildFile; fileRef = B4B60ACF25EEA1C20041046A /* Persistance.swift */; };
		B4B60AD525EEA26D0041046A /* MainTableViewController.swift in Sources */ = {isa = PBXBuildFile; fileRef = B4B60AD425EEA26D0041046A /* MainTableViewController.swift */; };
		B4B60ADC25EEABAE0041046A /* ViewModel.swift in Sources */ = {isa = PBXBuildFile; fileRef = B4B60ADB25EEABAE0041046A /* ViewModel.swift */; };
		D35980F7CCDC7D667A1BD00B /* Pods_ToDo_MVVM.framework in Frameworks */ = {isa = PBXBuildFile; fileRef = FB35CE8EB56A49DEACC565A3 /* Pods_ToDo_MVVM.framework */; };
/* End PBXBuildFile section */

/* Begin PBXFileReference section */
		54C4AC3C27672E08A25D3A8E /* Pods-ToDo-MVVM.debug.xcconfig */ = {isa = PBXFileReference; includeInIndex = 1; lastKnownFileType = text.xcconfig; name = "Pods-ToDo-MVVM.debug.xcconfig"; path = "Target Support Files/Pods-ToDo-MVVM/Pods-ToDo-MVVM.debug.xcconfig"; sourceTree = "<group>"; };
		B4B60AAE25EEA0600041046A /* ToDo-MVVM.app */ = {isa = PBXFileReference; explicitFileType = wrapper.application; includeInIndex = 0; path = "ToDo-MVVM.app"; sourceTree = BUILT_PRODUCTS_DIR; };
		B4B60AB125EEA0600041046A /* AppDelegate.swift */ = {isa = PBXFileReference; lastKnownFileType = sourcecode.swift; path = AppDelegate.swift; sourceTree = "<group>"; };
		B4B60AB325EEA0600041046A /* SceneDelegate.swift */ = {isa = PBXFileReference; lastKnownFileType = sourcecode.swift; path = SceneDelegate.swift; sourceTree = "<group>"; };
		B4B60AB825EEA0600041046A /* Base */ = {isa = PBXFileReference; lastKnownFileType = file.storyboard; name = Base; path = Base.lproj/Main.storyboard; sourceTree = "<group>"; };
		B4B60ABA25EEA0670041046A /* Assets.xcassets */ = {isa = PBXFileReference; lastKnownFileType = folder.assetcatalog; path = Assets.xcassets; sourceTree = "<group>"; };
		B4B60ABF25EEA0670041046A /* Info.plist */ = {isa = PBXFileReference; lastKnownFileType = text.plist.xml; path = Info.plist; sourceTree = "<group>"; };
		B4B60ACF25EEA1C20041046A /* Persistance.swift */ = {isa = PBXFileReference; lastKnownFileType = sourcecode.swift; path = Persistance.swift; sourceTree = "<group>"; };
		B4B60AD425EEA26D0041046A /* MainTableViewController.swift */ = {isa = PBXFileReference; lastKnownFileType = sourcecode.swift; path = MainTableViewController.swift; sourceTree = "<group>"; };
		B4B60ADB25EEABAE0041046A /* ViewModel.swift */ = {isa = PBXFileReference; lastKnownFileType = sourcecode.swift; path = ViewModel.swift; sourceTree = "<group>"; };
		BFA400CAB22F3723BB856358 /* Pods-ToDo-MVVM.release.xcconfig */ = {isa = PBXFileReference; includeInIndex = 1; lastKnownFileType = text.xcconfig; name = "Pods-ToDo-MVVM.release.xcconfig"; path = "Target Support Files/Pods-ToDo-MVVM/Pods-ToDo-MVVM.release.xcconfig"; sourceTree = "<group>"; };
		FB35CE8EB56A49DEACC565A3 /* Pods_ToDo_MVVM.framework */ = {isa = PBXFileReference; explicitFileType = wrapper.framework; includeInIndex = 0; path = Pods_ToDo_MVVM.framework; sourceTree = BUILT_PRODUCTS_DIR; };
/* End PBXFileReference section */

/* Begin PBXFrameworksBuildPhase section */
		B4B60AAB25EEA0600041046A /* Frameworks */ = {
			isa = PBXFrameworksBuildPhase;
			buildActionMask = 2147483647;
			files = (
				D35980F7CCDC7D667A1BD00B /* Pods_ToDo_MVVM.framework in Frameworks */,
			);
			runOnlyForDeploymentPostprocessing = 0;
		};
/* End PBXFrameworksBuildPhase section */

/* Begin PBXGroup section */
		0835B4D4E05E7841ED54C1CF /* Frameworks */ = {
			isa = PBXGroup;
			children = (
				FB35CE8EB56A49DEACC565A3 /* Pods_ToDo_MVVM.framework */,
			);
			name = Frameworks;
			sourceTree = "<group>";
		};
		2FBE9C1115DD646998BFAD93 /* Pods */ = {
			isa = PBXGroup;
			children = (
				54C4AC3C27672E08A25D3A8E /* Pods-ToDo-MVVM.debug.xcconfig */,
				BFA400CAB22F3723BB856358 /* Pods-ToDo-MVVM.release.xcconfig */,
			);
			path = Pods;
			sourceTree = "<group>";
		};
		B4B60AA525EEA0600041046A = {
			isa = PBXGroup;
			children = (
				B4B60AB025EEA0600041046A /* ToDo-MVVM */,
				B4B60AAF25EEA0600041046A /* Products */,
				2FBE9C1115DD646998BFAD93 /* Pods */,
				0835B4D4E05E7841ED54C1CF /* Frameworks */,
			);
			sourceTree = "<group>";
		};
		B4B60AAF25EEA0600041046A /* Products */ = {
			isa = PBXGroup;
			children = (
				B4B60AAE25EEA0600041046A /* ToDo-MVVM.app */,
			);
			name = Products;
			sourceTree = "<group>";
		};
		B4B60AB025EEA0600041046A /* ToDo-MVVM */ = {
			isa = PBXGroup;
			children = (
				B4B60AB125EEA0600041046A /* AppDelegate.swift */,
				B4B60AB325EEA0600041046A /* SceneDelegate.swift */,
				B4B60ACF25EEA1C20041046A /* Persistance.swift */,
				B4B60ADB25EEABAE0041046A /* ViewModel.swift */,
				B4B60AD425EEA26D0041046A /* MainTableViewController.swift */,
				B4B60AB725EEA0600041046A /* Main.storyboard */,
				B4B60ABA25EEA0670041046A /* Assets.xcassets */,
				B4B60ABF25EEA0670041046A /* Info.plist */,
			);
			path = "ToDo-MVVM";
			sourceTree = "<group>";
		};
/* End PBXGroup section */

/* Begin PBXNativeTarget section */
		B4B60AAD25EEA0600041046A /* ToDo-MVVM */ = {
			isa = PBXNativeTarget;
			buildConfigurationList = B4B60AC225EEA0670041046A /* Build configuration list for PBXNativeTarget "ToDo-MVVM" */;
			buildPhases = (
				DC8716957903101AC4E44C4C /* [CP] Check Pods Manifest.lock */,
				B4B60AAA25EEA0600041046A /* Sources */,
				B4B60AAB25EEA0600041046A /* Frameworks */,
				B4B60AAC25EEA0600041046A /* Resources */,
				5DFABA07B6BEF7E25F278355 /* [CP] Embed Pods Frameworks */,
			);
			buildRules = (
			);
			dependencies = (
			);
			name = "ToDo-MVVM";
			productName = "ToDo-MVVM";
			productReference = B4B60AAE25EEA0600041046A /* ToDo-MVVM.app */;
			productType = "com.apple.product-type.application";
		};
/* End PBXNativeTarget section */

/* Begin PBXProject section */
		B4B60AA625EEA0600041046A /* Project object */ = {
			isa = PBXProject;
			attributes = {
				LastSwiftUpdateCheck = 1240;
				LastUpgradeCheck = 1240;
				TargetAttributes = {
					B4B60AAD25EEA0600041046A = {
						CreatedOnToolsVersion = 12.4;
					};
				};
			};
			buildConfigurationList = B4B60AA925EEA0600041046A /* Build configuration list for PBXProject "ToDo-MVVM" */;
			compatibilityVersion = "Xcode 9.3";
			developmentRegion = en;
			hasScannedForEncodings = 0;
			knownRegions = (
				en,
				Base,
			);
			mainGroup = B4B60AA525EEA0600041046A;
			productRefGroup = B4B60AAF25EEA0600041046A /* Products */;
			projectDirPath = "";
			projectRoot = "";
			targets = (
				B4B60AAD25EEA0600041046A /* ToDo-MVVM */,
			);
		};
/* End PBXProject section */

/* Begin PBXResourcesBuildPhase section */
		B4B60AAC25EEA0600041046A /* Resources */ = {
			isa = PBXResourcesBuildPhase;
			buildActionMask = 2147483647;
			files = (
				B4B60ABB25EEA0670041046A /* Assets.xcassets in Resources */,
				B4B60AB925EEA0600041046A /* Main.storyboard in Resources */,
			);
			runOnlyForDeploymentPostprocessing = 0;
		};
/* End PBXResourcesBuildPhase section */

/* Begin PBXShellScriptBuildPhase section */
		5DFABA07B6BEF7E25F278355 /* [CP] Embed Pods Frameworks */ = {
			isa = PBXShellScriptBuildPhase;
			buildActionMask = 2147483647;
			files = (
			);
			inputFileListPaths = (
				"${PODS_ROOT}/Target Support Files/Pods-ToDo-MVVM/Pods-ToDo-MVVM-frameworks-${CONFIGURATION}-input-files.xcfilelist",
			);
			name = "[CP] Embed Pods Frameworks";
			outputFileListPaths = (
				"${PODS_ROOT}/Target Support Files/Pods-ToDo-MVVM/Pods-ToDo-MVVM-frameworks-${CONFIGURATION}-output-files.xcfilelist",
			);
			runOnlyForDeploymentPostprocessing = 0;
			shellPath = /bin/sh;
			shellScript = "\"${PODS_ROOT}/Target Support Files/Pods-ToDo-MVVM/Pods-ToDo-MVVM-frameworks.sh\"\n";
			showEnvVarsInLog = 0;
		};
		DC8716957903101AC4E44C4C /* [CP] Check Pods Manifest.lock */ = {
			isa = PBXShellScriptBuildPhase;
			buildActionMask = 2147483647;
			files = (
			);
			inputFileListPaths = (
			);
			inputPaths = (
				"${PODS_PODFILE_DIR_PATH}/Podfile.lock",
				"${PODS_ROOT}/Manifest.lock",
			);
			name = "[CP] Check Pods Manifest.lock";
			outputFileListPaths = (
			);
			outputPaths = (
				"$(DERIVED_FILE_DIR)/Pods-ToDo-MVVM-checkManifestLockResult.txt",
			);
			runOnlyForDeploymentPostprocessing = 0;
			shellPath = /bin/sh;
			shellScript = "diff \"${PODS_PODFILE_DIR_PATH}/Podfile.lock\" \"${PODS_ROOT}/Manifest.lock\" > /dev/null\nif [ $? != 0 ] ; then\n    # print error to STDERR\n    echo \"error: The sandbox is not in sync with the Podfile.lock. Run 'pod install' or update your CocoaPods installation.\" >&2\n    exit 1\nfi\n# This output is used by Xcode 'outputs' to avoid re-running this script phase.\necho \"SUCCESS\" > \"${SCRIPT_OUTPUT_FILE_0}\"\n";
			showEnvVarsInLog = 0;
		};
/* End PBXShellScriptBuildPhase section */

/* Begin PBXSourcesBuildPhase section */
		B4B60AAA25EEA0600041046A /* Sources */ = {
			isa = PBXSourcesBuildPhase;
			buildActionMask = 2147483647;
			files = (
				B4B60ADC25EEABAE0041046A /* ViewModel.swift in Sources */,
				B4B60AD525EEA26D0041046A /* MainTableViewController.swift in Sources */,
				B4B60AD025EEA1C20041046A /* Persistance.swift in Sources */,
				B4B60AB225EEA0600041046A /* AppDelegate.swift in Sources */,
				B4B60AB425EEA0600041046A /* SceneDelegate.swift in Sources */,
			);
			runOnlyForDeploymentPostprocessing = 0;
		};
/* End PBXSourcesBuildPhase section */

/* Begin PBXVariantGroup section */
		B4B60AB725EEA0600041046A /* Main.storyboard */ = {
			isa = PBXVariantGroup;
			children = (
				B4B60AB825EEA0600041046A /* Base */,
			);
			name = Main.storyboard;
			sourceTree = "<group>";
		};
/* End PBXVariantGroup section */

/* Begin XCBuildConfiguration section */
		B4B60AC025EEA0670041046A /* Debug */ = {
			isa = XCBuildConfiguration;
			buildSettings = {
				ALWAYS_SEARCH_USER_PATHS = NO;
				CLANG_ANALYZER_NONNULL = YES;
				CLANG_ANALYZER_NUMBER_OBJECT_CONVERSION = YES_AGGRESSIVE;
				CLANG_CXX_LANGUAGE_STANDARD = "gnu++14";
				CLANG_CXX_LIBRARY = "libc++";
				CLANG_ENABLE_MODULES = YES;
				CLANG_ENABLE_OBJC_ARC = YES;
				CLANG_ENABLE_OBJC_WEAK = YES;
				CLANG_WARN_BLOCK_CAPTURE_AUTORELEASING = YES;
				CLANG_WARN_BOOL_CONVERSION = YES;
				CLANG_WARN_COMMA = YES;
				CLANG_WARN_CONSTANT_CONVERSION = YES;
				CLANG_WARN_DEPRECATED_OBJC_IMPLEMENTATIONS = YES;
				CLANG_WARN_DIRECT_OBJC_ISA_USAGE = YES_ERROR;
				CLANG_WARN_DOCUMENTATION_COMMENTS = YES;
				CLANG_WARN_EMPTY_BODY = YES;
				CLANG_WARN_ENUM_CONVERSION = YES;
				CLANG_WARN_INFINITE_RECURSION = YES;
				CLANG_WARN_INT_CONVERSION = YES;
				CLANG_WARN_NON_LITERAL_NULL_CONVERSION = YES;
				CLANG_WARN_OBJC_IMPLICIT_RETAIN_SELF = YES;
				CLANG_WARN_OBJC_LITERAL_CONVERSION = YES;
				CLANG_WARN_OBJC_ROOT_CLASS = YES_ERROR;
				CLANG_WARN_QUOTED_INCLUDE_IN_FRAMEWORK_HEADER = YES;
				CLANG_WARN_RANGE_LOOP_ANALYSIS = YES;
				CLANG_WARN_STRICT_PROTOTYPES = YES;
				CLANG_WARN_SUSPICIOUS_MOVE = YES;
				CLANG_WARN_UNGUARDED_AVAILABILITY = YES_AGGRESSIVE;
				CLANG_WARN_UNREACHABLE_CODE = YES;
				CLANG_WARN__DUPLICATE_METHOD_MATCH = YES;
				COPY_PHASE_STRIP = NO;
				DEBUG_INFORMATION_FORMAT = dwarf;
				ENABLE_STRICT_OBJC_MSGSEND = YES;
				ENABLE_TESTABILITY = YES;
				GCC_C_LANGUAGE_STANDARD = gnu11;
				GCC_DYNAMIC_NO_PIC = NO;
				GCC_NO_COMMON_BLOCKS = YES;
				GCC_OPTIMIZATION_LEVEL = 0;
				GCC_PREPROCESSOR_DEFINITIONS = (
					"DEBUG=1",
					"$(inherited)",
				);
				GCC_WARN_64_TO_32_BIT_CONVERSION = YES;
				GCC_WARN_ABOUT_RETURN_TYPE = YES_ERROR;
				GCC_WARN_UNDECLARED_SELECTOR = YES;
				GCC_WARN_UNINITIALIZED_AUTOS = YES_AGGRESSIVE;
				GCC_WARN_UNUSED_FUNCTION = YES;
				GCC_WARN_UNUSED_VARIABLE = YES;
				IPHONEOS_DEPLOYMENT_TARGET = 14.4;
				MTL_ENABLE_DEBUG_INFO = INCLUDE_SOURCE;
				MTL_FAST_MATH = YES;
				ONLY_ACTIVE_ARCH = YES;
				SDKROOT = iphoneos;
				SWIFT_ACTIVE_COMPILATION_CONDITIONS = DEBUG;
				SWIFT_OPTIMIZATION_LEVEL = "-Onone";
			};
			name = Debug;
		};
		B4B60AC125EEA0670041046A /* Release */ = {
			isa = XCBuildConfiguration;
			buildSettings = {
				ALWAYS_SEARCH_USER_PATHS = NO;
				CLANG_ANALYZER_NONNULL = YES;
				CLANG_ANALYZER_NUMBER_OBJECT_CONVERSION = YES_AGGRESSIVE;
				CLANG_CXX_LANGUAGE_STANDARD = "gnu++14";
				CLANG_CXX_LIBRARY = "libc++";
				CLANG_ENABLE_MODULES = YES;
				CLANG_ENABLE_OBJC_ARC = YES;
				CLANG_ENABLE_OBJC_WEAK = YES;
				CLANG_WARN_BLOCK_CAPTURE_AUTORELEASING = YES;
				CLANG_WARN_BOOL_CONVERSION = YES;
				CLANG_WARN_COMMA = YES;
				CLANG_WARN_CONSTANT_CONVERSION = YES;
				CLANG_WARN_DEPRECATED_OBJC_IMPLEMENTATIONS = YES;
				CLANG_WARN_DIRECT_OBJC_ISA_USAGE = YES_ERROR;
				CLANG_WARN_DOCUMENTATION_COMMENTS = YES;
				CLANG_WARN_EMPTY_BODY = YES;
				CLANG_WARN_ENUM_CONVERSION = YES;
				CLANG_WARN_INFINITE_RECURSION = YES;
				CLANG_WARN_INT_CONVERSION = YES;
				CLANG_WARN_NON_LITERAL_NULL_CONVERSION = YES;
				CLANG_WARN_OBJC_IMPLICIT_RETAIN_SELF = YES;
				CLANG_WARN_OBJC_LITERAL_CONVERSION = YES;
				CLANG_WARN_OBJC_ROOT_CLASS = YES_ERROR;
				CLANG_WARN_QUOTED_INCLUDE_IN_FRAMEWORK_HEADER = YES;
				CLANG_WARN_RANGE_LOOP_ANALYSIS = YES;
				CLANG_WARN_STRICT_PROTOTYPES = YES;
				CLANG_WARN_SUSPICIOUS_MOVE = YES;
				CLANG_WARN_UNGUARDED_AVAILABILITY = YES_AGGRESSIVE;
				CLANG_WARN_UNREACHABLE_CODE = YES;
				CLANG_WARN__DUPLICATE_METHOD_MATCH = YES;
				COPY_PHASE_STRIP = NO;
				DEBUG_INFORMATION_FORMAT = "dwarf-with-dsym";
				ENABLE_NS_ASSERTIONS = NO;
				ENABLE_STRICT_OBJC_MSGSEND = YES;
				GCC_C_LANGUAGE_STANDARD = gnu11;
				GCC_NO_COMMON_BLOCKS = YES;
				GCC_WARN_64_TO_32_BIT_CONVERSION = YES;
				GCC_WARN_ABOUT_RETURN_TYPE = YES_ERROR;
				GCC_WARN_UNDECLARED_SELECTOR = YES;
				GCC_WARN_UNINITIALIZED_AUTOS = YES_AGGRESSIVE;
				GCC_WARN_UNUSED_FUNCTION = YES;
				GCC_WARN_UNUSED_VARIABLE = YES;
				IPHONEOS_DEPLOYMENT_TARGET = 14.4;
				MTL_ENABLE_DEBUG_INFO = NO;
				MTL_FAST_MATH = YES;
				SDKROOT = iphoneos;
				SWIFT_COMPILATION_MODE = wholemodule;
				SWIFT_OPTIMIZATION_LEVEL = "-O";
				VALIDATE_PRODUCT = YES;
			};
			name = Release;
		};
		B4B60AC325EEA0670041046A /* Debug */ = {
			isa = XCBuildConfiguration;
			baseConfigurationReference = 54C4AC3C27672E08A25D3A8E /* Pods-ToDo-MVVM.debug.xcconfig */;
			buildSettings = {
				ASSETCATALOG_COMPILER_APPICON_NAME = AppIcon;
				ASSETCATALOG_COMPILER_GLOBAL_ACCENT_COLOR_NAME = AccentColor;
				CODE_SIGN_STYLE = Automatic;
				DEVELOPMENT_TEAM = 6GCA3KCL63;
				INFOPLIST_FILE = "ToDo-MVVM/Info.plist";
				LD_RUNPATH_SEARCH_PATHS = (
					"$(inherited)",
					"@executable_path/Frameworks",
				);
				PRODUCT_BUNDLE_IDENTIFIER = "dev.nechepurenko.99.ToDo-MVVM";
				PRODUCT_NAME = "$(TARGET_NAME)";
				SWIFT_VERSION = 5.0;
				TARGETED_DEVICE_FAMILY = "1,2";
			};
			name = Debug;
		};
		B4B60AC425EEA0670041046A /* Release */ = {
			isa = XCBuildConfiguration;
			baseConfigurationReference = BFA400CAB22F3723BB856358 /* Pods-ToDo-MVVM.release.xcconfig */;
			buildSettings = {
				ASSETCATALOG_COMPILER_APPICON_NAME = AppIcon;
				ASSETCATALOG_COMPILER_GLOBAL_ACCENT_COLOR_NAME = AccentColor;
				CODE_SIGN_STYLE = Automatic;
				DEVELOPMENT_TEAM = 6GCA3KCL63;
				INFOPLIST_FILE = "ToDo-MVVM/Info.plist";
				LD_RUNPATH_SEARCH_PATHS = (
					"$(inherited)",
					"@executable_path/Frameworks",
				);
				PRODUCT_BUNDLE_IDENTIFIER = "dev.nechepurenko.99.ToDo-MVVM";
				PRODUCT_NAME = "$(TARGET_NAME)";
				SWIFT_VERSION = 5.0;
				TARGETED_DEVICE_FAMILY = "1,2";
			};
			name = Release;
		};
/* End XCBuildConfiguration section */

/* Begin XCConfigurationList section */
		B4B60AA925EEA0600041046A /* Build configuration list for PBXProject "ToDo-MVVM" */ = {
			isa = XCConfigurationList;
			buildConfigurations = (
				B4B60AC025EEA0670041046A /* Debug */,
				B4B60AC125EEA0670041046A /* Release */,
			);
			defaultConfigurationIsVisible = 0;
			defaultConfigurationName = Release;
		};
		B4B60AC225EEA0670041046A /* Build configuration list for PBXNativeTarget "ToDo-MVVM" */ = {
			isa = XCConfigurationList;
			buildConfigurations = (
				B4B60AC325EEA0670041046A /* Debug */,
				B4B60AC425EEA0670041046A /* Release */,
			);
			defaultConfigurationIsVisible = 0;
			defaultConfigurationName = Release;
		};
/* End XCConfigurationList section */
	};
	rootObject = B4B60AA625EEA0600041046A /* Project object */;
}
